
Microsoft Visual Studio Solution File, Format Version 12.00
# Visual Studio Version 16
VisualStudioVersion = 16.0.31624.102
MinimumVisualStudioVersion = 10.0.40219.1
Project("{FAE04EC0-301F-11D3-BF4B-00C04F79EFBC}") = "HangfireWithDotNet", "HangfireWithDotNet.csproj", "{60DF8B49-47DC-4E76-9BDF-426F5AAC8E7A}"
EndProject
Global
	GlobalSection(SolutionConfigurationPlatforms) = preSolution
		Debug|Any CPU = Debug|Any CPU
		Release|Any CPU = Release|Any CPU
	EndGlobalSection
	GlobalSection(ProjectConfigurationPlatforms) = postSolution
		{60DF8B49-47DC-4E76-9BDF-426F5AAC8E7A}.Debug|Any CPU.ActiveCfg = Debug|Any CPU
		{60DF8B49-47DC-4E76-9BDF-426F5AAC8E7A}.Debug|Any CPU.Build.0 = Debug|Any CPU
		{60DF8B49-47DC-4E76-9BDF-426F5AAC8E7A}.Release|Any CPU.ActiveCfg = Release|Any CPU
		{60DF8B49-47DC-4E76-9BDF-426F5AAC8E7A}.Release|Any CPU.Build.0 = Release|Any CPU
	EndGlobalSection
	GlobalSection(SolutionProperties) = preSolution
		HideSolutionNode = FALSE
	EndGlobalSection
	GlobalSection(ExtensibilityGlobals) = postSolution
		SolutionGuid = {EF0EFCC0-D113-429A-90FA-A686D986CA54}
	EndGlobalSection
EndGlobal
